// !$*UTF8*$!
{
	archiveVersion = 1;
	classes = {
	};
	objectVersion = 56;
	objects = {

/* Begin PBXBuildFile section */
		A44300AF2B715C480097A4AA /* StorageType.swift in Sources */ = {isa = PBXBuildFile; fileRef = A44300AE2B715C480097A4AA /* StorageType.swift */; };
		A44300B22B715D0A0097A4AA /* SwiftDataStorage.swift in Sources */ = {isa = PBXBuildFile; fileRef = A44300B12B715D0A0097A4AA /* SwiftDataStorage.swift */; };
		A44300B52B717AD20097A4AA /* MainViewTile.swift in Sources */ = {isa = PBXBuildFile; fileRef = A44300B42B717AD20097A4AA /* MainViewTile.swift */; };
		A44300B72B7223CF0097A4AA /* MainViewButtons.swift in Sources */ = {isa = PBXBuildFile; fileRef = A44300B62B7223CF0097A4AA /* MainViewButtons.swift */; };
		A44300BC2B724FF40097A4AA /* UINavigationController.swift in Sources */ = {isa = PBXBuildFile; fileRef = A44300BB2B724FF40097A4AA /* UINavigationController.swift */; };
		A44300BF2B7251840097A4AA /* Bundle.swift in Sources */ = {isa = PBXBuildFile; fileRef = A44300BE2B7251840097A4AA /* Bundle.swift */; };
		A44300C32B7289BA0097A4AA /* WeatherMainView.swift in Sources */ = {isa = PBXBuildFile; fileRef = A44300C22B7289BA0097A4AA /* WeatherMainView.swift */; };
		A44300C52B7297700097A4AA /* ForecastRepositoryType.swift in Sources */ = {isa = PBXBuildFile; fileRef = A44300C42B7297700097A4AA /* ForecastRepositoryType.swift */; };
		A44300C72B7298080097A4AA /* WeatherRepositoryType.swift in Sources */ = {isa = PBXBuildFile; fileRef = A44300C62B7298080097A4AA /* WeatherRepositoryType.swift */; };
		A44300C92B729CE50097A4AA /* ForecastRepository.swift in Sources */ = {isa = PBXBuildFile; fileRef = A44300C82B729CE50097A4AA /* ForecastRepository.swift */; };
		A44300CB2B72A8AF0097A4AA /* PathMonitor.swift in Sources */ = {isa = PBXBuildFile; fileRef = A44300CA2B72A8AF0097A4AA /* PathMonitor.swift */; };
		A44300CF2B72AA050097A4AA /* WeatherRepository.swift in Sources */ = {isa = PBXBuildFile; fileRef = A44300CE2B72AA050097A4AA /* WeatherRepository.swift */; };
		A44300D12B72AD9A0097A4AA /* WeatherAppEror.swift in Sources */ = {isa = PBXBuildFile; fileRef = A44300D02B72AD9A0097A4AA /* WeatherAppEror.swift */; };
		A44300D32B72AF0B0097A4AA /* URLSessionHandler.swift in Sources */ = {isa = PBXBuildFile; fileRef = A44300D22B72AF0B0097A4AA /* URLSessionHandler.swift */; };
		A44300D72B72B5E60097A4AA /* URLSessionHandlerType.swift in Sources */ = {isa = PBXBuildFile; fileRef = A44300D62B72B5E60097A4AA /* URLSessionHandlerType.swift */; };
		A44300D92B72B66A0097A4AA /* OpenWeatherAPIType.swift in Sources */ = {isa = PBXBuildFile; fileRef = A44300D82B72B66A0097A4AA /* OpenWeatherAPIType.swift */; };
		A44300DB2B72B7410097A4AA /* OpenWeatherAPI.swift in Sources */ = {isa = PBXBuildFile; fileRef = A44300DA2B72B7410097A4AA /* OpenWeatherAPI.swift */; };
		A44300DD2B74FE990097A4AA /* Float.swift in Sources */ = {isa = PBXBuildFile; fileRef = A44300DC2B74FE990097A4AA /* Float.swift */; };
		A44300DF2B75668E0097A4AA /* Date.swift in Sources */ = {isa = PBXBuildFile; fileRef = A44300DE2B75668E0097A4AA /* Date.swift */; };
		A44300E12B77C0FD0097A4AA /* Weather.swift in Sources */ = {isa = PBXBuildFile; fileRef = A44300E02B77C0FD0097A4AA /* Weather.swift */; };
		A44300E32B77C11E0097A4AA /* DayForecastModel.swift in Sources */ = {isa = PBXBuildFile; fileRef = A44300E22B77C11E0097A4AA /* DayForecastModel.swift */; };
		A44300E52B77C1320097A4AA /* HourForecastModel.swift in Sources */ = {isa = PBXBuildFile; fileRef = A44300E42B77C1320097A4AA /* HourForecastModel.swift */; };
		A44300E82B77CBCB0097A4AA /* DailyForecastView.swift in Sources */ = {isa = PBXBuildFile; fileRef = A44300E72B77CBCB0097A4AA /* DailyForecastView.swift */; };
		A44300EA2B77CBF90097A4AA /* HourForecastView.swift in Sources */ = {isa = PBXBuildFile; fileRef = A44300E92B77CBF90097A4AA /* HourForecastView.swift */; };
		A44300EC2B77CC600097A4AA /* DetailWeatherView.swift in Sources */ = {isa = PBXBuildFile; fileRef = A44300EB2B77CC600097A4AA /* DetailWeatherView.swift */; };
		A44300EE2B77D1330097A4AA /* WeatherGradientMaker.swift in Sources */ = {isa = PBXBuildFile; fileRef = A44300ED2B77D1330097A4AA /* WeatherGradientMaker.swift */; };
		A44300F02B77F1180097A4AA /* View.swift in Sources */ = {isa = PBXBuildFile; fileRef = A44300EF2B77F1180097A4AA /* View.swift */; };
		A4592E012B5054C300016D13 /* ForecastResponse.swift in Sources */ = {isa = PBXBuildFile; fileRef = A4592E002B5054C300016D13 /* ForecastResponse.swift */; };
		A4592E032B5054F600016D13 /* WeatherModel.swift in Sources */ = {isa = PBXBuildFile; fileRef = A4592E022B5054F600016D13 /* WeatherModel.swift */; };
		A4592E062B5060F000016D13 /* WeatherViewModel.swift in Sources */ = {isa = PBXBuildFile; fileRef = A4592E052B5060F000016D13 /* WeatherViewModel.swift */; };
		A4A956752B5A98E900121014 /* MainViewViewModel.swift in Sources */ = {isa = PBXBuildFile; fileRef = A4A956742B5A98E900121014 /* MainViewViewModel.swift */; };
		A4A956772B5AC57600121014 /* CurrentResponse.swift in Sources */ = {isa = PBXBuildFile; fileRef = A4A956762B5AC57600121014 /* CurrentResponse.swift */; };
		A4C469CC2B56B7AB00C12D98 /* MainView.swift in Sources */ = {isa = PBXBuildFile; fileRef = A4C469CB2B56B7AB00C12D98 /* MainView.swift */; };
		A4E0BD012B484CC9002224ED /* WeatherAppProMaxApp.swift in Sources */ = {isa = PBXBuildFile; fileRef = A4E0BD002B484CC9002224ED /* WeatherAppProMaxApp.swift */; };
		A4E0BD032B484CC9002224ED /* WeatherView.swift in Sources */ = {isa = PBXBuildFile; fileRef = A4E0BD022B484CC9002224ED /* WeatherView.swift */; };
		A4E0BD072B484CCC002224ED /* Assets.xcassets in Resources */ = {isa = PBXBuildFile; fileRef = A4E0BD062B484CCC002224ED /* Assets.xcassets */; };
		A4E0BD0A2B484CCC002224ED /* Preview Assets.xcassets in Resources */ = {isa = PBXBuildFile; fileRef = A4E0BD092B484CCC002224ED /* Preview Assets.xcassets */; };
		A4E0BD142B484CCD002224ED /* WeatherAppProMaxTests.swift in Sources */ = {isa = PBXBuildFile; fileRef = A4E0BD132B484CCD002224ED /* WeatherAppProMaxTests.swift */; };
		A4E0BD1E2B484CCD002224ED /* WeatherAppProMaxUITests.swift in Sources */ = {isa = PBXBuildFile; fileRef = A4E0BD1D2B484CCD002224ED /* WeatherAppProMaxUITests.swift */; };
		A4E0BD202B484CCD002224ED /* WeatherAppProMaxUITestsLaunchTests.swift in Sources */ = {isa = PBXBuildFile; fileRef = A4E0BD1F2B484CCD002224ED /* WeatherAppProMaxUITestsLaunchTests.swift */; };
		A4ECDBF52B79008400E4BF4A /* MainViewTileView.swift in Sources */ = {isa = PBXBuildFile; fileRef = A4ECDBF42B79008400E4BF4A /* MainViewTileView.swift */; };
		A4ECDBF72B792A7F00E4BF4A /* SwiftDataStorageTests.swift in Sources */ = {isa = PBXBuildFile; fileRef = A4ECDBF62B792A7F00E4BF4A /* SwiftDataStorageTests.swift */; };
		A4ECDBF92B793C0900E4BF4A /* CurrentWeatherTestData.json in Resources */ = {isa = PBXBuildFile; fileRef = A4ECDBF82B793C0900E4BF4A /* CurrentWeatherTestData.json */; };
		A4ECDBFD2B793CE600E4BF4A /* ForecastTestData.json in Resources */ = {isa = PBXBuildFile; fileRef = A4ECDBFC2B793CE600E4BF4A /* ForecastTestData.json */; };
		A4ECDBFF2B793D4300E4BF4A /* ForecastDecodingTest.swift in Sources */ = {isa = PBXBuildFile; fileRef = A4ECDBFE2B793D4300E4BF4A /* ForecastDecodingTest.swift */; };
		A4ECDC012B79407400E4BF4A /* CurrentWeatherDecodingTest.swift in Sources */ = {isa = PBXBuildFile; fileRef = A4ECDC002B79407400E4BF4A /* CurrentWeatherDecodingTest.swift */; };
		A4ECDC032B79440C00E4BF4A /* OpenWeatherAPITests.swift in Sources */ = {isa = PBXBuildFile; fileRef = A4ECDC022B79440C00E4BF4A /* OpenWeatherAPITests.swift */; };
		A4ECDC052B794B0F00E4BF4A /* URLSessionHandlerMock.swift in Sources */ = {isa = PBXBuildFile; fileRef = A4ECDC042B794B0E00E4BF4A /* URLSessionHandlerMock.swift */; };
		A4ECDC072B79567400E4BF4A /* ForecastRepositoryTests.swift in Sources */ = {isa = PBXBuildFile; fileRef = A4ECDC062B79567400E4BF4A /* ForecastRepositoryTests.swift */; };
		A4ECDC092B79567E00E4BF4A /* WeatherRepositoryTests.swift in Sources */ = {isa = PBXBuildFile; fileRef = A4ECDC082B79567E00E4BF4A /* WeatherRepositoryTests.swift */; };
		A4ECDC0B2B79569000E4BF4A /* MainViewViewModelTests.swift in Sources */ = {isa = PBXBuildFile; fileRef = A4ECDC0A2B79569000E4BF4A /* MainViewViewModelTests.swift */; };
		A4ECDC0D2B79569900E4BF4A /* WeatherViewModelTests.swift in Sources */ = {isa = PBXBuildFile; fileRef = A4ECDC0C2B79569900E4BF4A /* WeatherViewModelTests.swift */; };
		A4ECDC102B79577800E4BF4A /* PathMonitorMock.swift in Sources */ = {isa = PBXBuildFile; fileRef = A4ECDC0F2B79577800E4BF4A /* PathMonitorMock.swift */; };
		A4ECDC122B7957CA00E4BF4A /* OpenWeatherAPIMock.swift in Sources */ = {isa = PBXBuildFile; fileRef = A4ECDC112B7957CA00E4BF4A /* OpenWeatherAPIMock.swift */; };
		A4ECDC142B79616100E4BF4A /* ForecastRepositoryMock.swift in Sources */ = {isa = PBXBuildFile; fileRef = A4ECDC132B79616100E4BF4A /* ForecastRepositoryMock.swift */; };
		A4ECDC162B79616B00E4BF4A /* WeatherRepositoryMock.swift in Sources */ = {isa = PBXBuildFile; fileRef = A4ECDC152B79616B00E4BF4A /* WeatherRepositoryMock.swift */; };
		A4ECDC182B7963AC00E4BF4A /* StorageMock.swift in Sources */ = {isa = PBXBuildFile; fileRef = A4ECDC172B7963AC00E4BF4A /* StorageMock.swift */; };
/* End PBXBuildFile section */

/* Begin PBXContainerItemProxy section */
		A4E0BD102B484CCD002224ED /* PBXContainerItemProxy */ = {
			isa = PBXContainerItemProxy;
			containerPortal = A4E0BCF52B484CC9002224ED /* Project object */;
			proxyType = 1;
			remoteGlobalIDString = A4E0BCFC2B484CC9002224ED;
			remoteInfo = WeatherAppProMax;
		};
		A4E0BD1A2B484CCD002224ED /* PBXContainerItemProxy */ = {
			isa = PBXContainerItemProxy;
			containerPortal = A4E0BCF52B484CC9002224ED /* Project object */;
			proxyType = 1;
			remoteGlobalIDString = A4E0BCFC2B484CC9002224ED;
			remoteInfo = WeatherAppProMax;
		};
/* End PBXContainerItemProxy section */

/* Begin PBXFileReference section */
		A44300AE2B715C480097A4AA /* StorageType.swift */ = {isa = PBXFileReference; lastKnownFileType = sourcecode.swift; path = StorageType.swift; sourceTree = "<group>"; };
		A44300B12B715D0A0097A4AA /* SwiftDataStorage.swift */ = {isa = PBXFileReference; lastKnownFileType = sourcecode.swift; path = SwiftDataStorage.swift; sourceTree = "<group>"; };
		A44300B42B717AD20097A4AA /* MainViewTile.swift */ = {isa = PBXFileReference; lastKnownFileType = sourcecode.swift; path = MainViewTile.swift; sourceTree = "<group>"; };
		A44300B62B7223CF0097A4AA /* MainViewButtons.swift */ = {isa = PBXFileReference; lastKnownFileType = sourcecode.swift; path = MainViewButtons.swift; sourceTree = "<group>"; };
		A44300B92B7249E10097A4AA /* Info.plist */ = {isa = PBXFileReference; lastKnownFileType = text.plist.xml; path = Info.plist; sourceTree = "<group>"; };
		A44300BB2B724FF40097A4AA /* UINavigationController.swift */ = {isa = PBXFileReference; lastKnownFileType = sourcecode.swift; path = UINavigationController.swift; sourceTree = "<group>"; };
		A44300BE2B7251840097A4AA /* Bundle.swift */ = {isa = PBXFileReference; lastKnownFileType = sourcecode.swift; path = Bundle.swift; sourceTree = "<group>"; };
		A44300C22B7289BA0097A4AA /* WeatherMainView.swift */ = {isa = PBXFileReference; lastKnownFileType = sourcecode.swift; path = WeatherMainView.swift; sourceTree = "<group>"; };
		A44300C42B7297700097A4AA /* ForecastRepositoryType.swift */ = {isa = PBXFileReference; lastKnownFileType = sourcecode.swift; path = ForecastRepositoryType.swift; sourceTree = "<group>"; };
		A44300C62B7298080097A4AA /* WeatherRepositoryType.swift */ = {isa = PBXFileReference; lastKnownFileType = sourcecode.swift; path = WeatherRepositoryType.swift; sourceTree = "<group>"; };
		A44300C82B729CE50097A4AA /* ForecastRepository.swift */ = {isa = PBXFileReference; lastKnownFileType = sourcecode.swift; path = ForecastRepository.swift; sourceTree = "<group>"; };
		A44300CA2B72A8AF0097A4AA /* PathMonitor.swift */ = {isa = PBXFileReference; lastKnownFileType = sourcecode.swift; path = PathMonitor.swift; sourceTree = "<group>"; };
		A44300CE2B72AA050097A4AA /* WeatherRepository.swift */ = {isa = PBXFileReference; lastKnownFileType = sourcecode.swift; path = WeatherRepository.swift; sourceTree = "<group>"; };
		A44300D02B72AD9A0097A4AA /* WeatherAppEror.swift */ = {isa = PBXFileReference; lastKnownFileType = sourcecode.swift; path = WeatherAppEror.swift; sourceTree = "<group>"; };
		A44300D22B72AF0B0097A4AA /* URLSessionHandler.swift */ = {isa = PBXFileReference; lastKnownFileType = sourcecode.swift; path = URLSessionHandler.swift; sourceTree = "<group>"; };
		A44300D62B72B5E60097A4AA /* URLSessionHandlerType.swift */ = {isa = PBXFileReference; lastKnownFileType = sourcecode.swift; path = URLSessionHandlerType.swift; sourceTree = "<group>"; };
		A44300D82B72B66A0097A4AA /* OpenWeatherAPIType.swift */ = {isa = PBXFileReference; lastKnownFileType = sourcecode.swift; path = OpenWeatherAPIType.swift; sourceTree = "<group>"; };
		A44300DA2B72B7410097A4AA /* OpenWeatherAPI.swift */ = {isa = PBXFileReference; lastKnownFileType = sourcecode.swift; path = OpenWeatherAPI.swift; sourceTree = "<group>"; };
		A44300DC2B74FE990097A4AA /* Float.swift */ = {isa = PBXFileReference; lastKnownFileType = sourcecode.swift; path = Float.swift; sourceTree = "<group>"; };
		A44300DE2B75668E0097A4AA /* Date.swift */ = {isa = PBXFileReference; lastKnownFileType = sourcecode.swift; path = Date.swift; sourceTree = "<group>"; };
		A44300E02B77C0FD0097A4AA /* Weather.swift */ = {isa = PBXFileReference; lastKnownFileType = sourcecode.swift; path = Weather.swift; sourceTree = "<group>"; };
		A44300E22B77C11E0097A4AA /* DayForecastModel.swift */ = {isa = PBXFileReference; lastKnownFileType = sourcecode.swift; path = DayForecastModel.swift; sourceTree = "<group>"; };
		A44300E42B77C1320097A4AA /* HourForecastModel.swift */ = {isa = PBXFileReference; lastKnownFileType = sourcecode.swift; path = HourForecastModel.swift; sourceTree = "<group>"; };
		A44300E72B77CBCB0097A4AA /* DailyForecastView.swift */ = {isa = PBXFileReference; lastKnownFileType = sourcecode.swift; path = DailyForecastView.swift; sourceTree = "<group>"; };
		A44300E92B77CBF90097A4AA /* HourForecastView.swift */ = {isa = PBXFileReference; lastKnownFileType = sourcecode.swift; path = HourForecastView.swift; sourceTree = "<group>"; };
		A44300EB2B77CC600097A4AA /* DetailWeatherView.swift */ = {isa = PBXFileReference; lastKnownFileType = sourcecode.swift; path = DetailWeatherView.swift; sourceTree = "<group>"; };
		A44300ED2B77D1330097A4AA /* WeatherGradientMaker.swift */ = {isa = PBXFileReference; lastKnownFileType = sourcecode.swift; path = WeatherGradientMaker.swift; sourceTree = "<group>"; };
		A44300EF2B77F1180097A4AA /* View.swift */ = {isa = PBXFileReference; lastKnownFileType = sourcecode.swift; path = View.swift; sourceTree = "<group>"; };
		A4592E002B5054C300016D13 /* ForecastResponse.swift */ = {isa = PBXFileReference; lastKnownFileType = sourcecode.swift; path = ForecastResponse.swift; sourceTree = "<group>"; };
		A4592E022B5054F600016D13 /* WeatherModel.swift */ = {isa = PBXFileReference; lastKnownFileType = sourcecode.swift; path = WeatherModel.swift; sourceTree = "<group>"; };
		A4592E052B5060F000016D13 /* WeatherViewModel.swift */ = {isa = PBXFileReference; lastKnownFileType = sourcecode.swift; path = WeatherViewModel.swift; sourceTree = "<group>"; };
		A4A956742B5A98E900121014 /* MainViewViewModel.swift */ = {isa = PBXFileReference; lastKnownFileType = sourcecode.swift; path = MainViewViewModel.swift; sourceTree = "<group>"; };
		A4A956762B5AC57600121014 /* CurrentResponse.swift */ = {isa = PBXFileReference; lastKnownFileType = sourcecode.swift; path = CurrentResponse.swift; sourceTree = "<group>"; };
		A4C469CB2B56B7AB00C12D98 /* MainView.swift */ = {isa = PBXFileReference; lastKnownFileType = sourcecode.swift; path = MainView.swift; sourceTree = "<group>"; };
		A4E0BCFD2B484CC9002224ED /* WeatherAppProMax.app */ = {isa = PBXFileReference; explicitFileType = wrapper.application; includeInIndex = 0; path = WeatherAppProMax.app; sourceTree = BUILT_PRODUCTS_DIR; };
		A4E0BD002B484CC9002224ED /* WeatherAppProMaxApp.swift */ = {isa = PBXFileReference; lastKnownFileType = sourcecode.swift; path = WeatherAppProMaxApp.swift; sourceTree = "<group>"; };
		A4E0BD022B484CC9002224ED /* WeatherView.swift */ = {isa = PBXFileReference; lastKnownFileType = sourcecode.swift; path = WeatherView.swift; sourceTree = "<group>"; };
		A4E0BD062B484CCC002224ED /* Assets.xcassets */ = {isa = PBXFileReference; lastKnownFileType = folder.assetcatalog; path = Assets.xcassets; sourceTree = "<group>"; };
		A4E0BD092B484CCC002224ED /* Preview Assets.xcassets */ = {isa = PBXFileReference; lastKnownFileType = folder.assetcatalog; path = "Preview Assets.xcassets"; sourceTree = "<group>"; };
		A4E0BD0F2B484CCD002224ED /* WeatherAppProMaxTests.xctest */ = {isa = PBXFileReference; explicitFileType = wrapper.cfbundle; includeInIndex = 0; path = WeatherAppProMaxTests.xctest; sourceTree = BUILT_PRODUCTS_DIR; };
		A4E0BD132B484CCD002224ED /* WeatherAppProMaxTests.swift */ = {isa = PBXFileReference; lastKnownFileType = sourcecode.swift; path = WeatherAppProMaxTests.swift; sourceTree = "<group>"; };
		A4E0BD192B484CCD002224ED /* WeatherAppProMaxUITests.xctest */ = {isa = PBXFileReference; explicitFileType = wrapper.cfbundle; includeInIndex = 0; path = WeatherAppProMaxUITests.xctest; sourceTree = BUILT_PRODUCTS_DIR; };
		A4E0BD1D2B484CCD002224ED /* WeatherAppProMaxUITests.swift */ = {isa = PBXFileReference; lastKnownFileType = sourcecode.swift; path = WeatherAppProMaxUITests.swift; sourceTree = "<group>"; };
		A4E0BD1F2B484CCD002224ED /* WeatherAppProMaxUITestsLaunchTests.swift */ = {isa = PBXFileReference; lastKnownFileType = sourcecode.swift; path = WeatherAppProMaxUITestsLaunchTests.swift; sourceTree = "<group>"; };
		A4ECDBF42B79008400E4BF4A /* MainViewTileView.swift */ = {isa = PBXFileReference; lastKnownFileType = sourcecode.swift; path = MainViewTileView.swift; sourceTree = "<group>"; };
		A4ECDBF62B792A7F00E4BF4A /* SwiftDataStorageTests.swift */ = {isa = PBXFileReference; lastKnownFileType = sourcecode.swift; path = SwiftDataStorageTests.swift; sourceTree = "<group>"; };
		A4ECDBF82B793C0900E4BF4A /* CurrentWeatherTestData.json */ = {isa = PBXFileReference; lastKnownFileType = text.json; path = CurrentWeatherTestData.json; sourceTree = "<group>"; xcLanguageSpecificationIdentifier = xcode.lang.json; };
		A4ECDBFC2B793CE600E4BF4A /* ForecastTestData.json */ = {isa = PBXFileReference; lastKnownFileType = text.json; path = ForecastTestData.json; sourceTree = "<group>"; xcLanguageSpecificationIdentifier = xcode.lang.json; };
		A4ECDBFE2B793D4300E4BF4A /* ForecastDecodingTest.swift */ = {isa = PBXFileReference; lastKnownFileType = sourcecode.swift; path = ForecastDecodingTest.swift; sourceTree = "<group>"; };
		A4ECDC002B79407400E4BF4A /* CurrentWeatherDecodingTest.swift */ = {isa = PBXFileReference; lastKnownFileType = sourcecode.swift; path = CurrentWeatherDecodingTest.swift; sourceTree = "<group>"; };
		A4ECDC022B79440C00E4BF4A /* OpenWeatherAPITests.swift */ = {isa = PBXFileReference; lastKnownFileType = sourcecode.swift; path = OpenWeatherAPITests.swift; sourceTree = "<group>"; };
		A4ECDC042B794B0E00E4BF4A /* URLSessionHandlerMock.swift */ = {isa = PBXFileReference; lastKnownFileType = sourcecode.swift; path = URLSessionHandlerMock.swift; sourceTree = "<group>"; };
		A4ECDC062B79567400E4BF4A /* ForecastRepositoryTests.swift */ = {isa = PBXFileReference; lastKnownFileType = sourcecode.swift; path = ForecastRepositoryTests.swift; sourceTree = "<group>"; };
		A4ECDC082B79567E00E4BF4A /* WeatherRepositoryTests.swift */ = {isa = PBXFileReference; lastKnownFileType = sourcecode.swift; path = WeatherRepositoryTests.swift; sourceTree = "<group>"; };
		A4ECDC0A2B79569000E4BF4A /* MainViewViewModelTests.swift */ = {isa = PBXFileReference; lastKnownFileType = sourcecode.swift; path = MainViewViewModelTests.swift; sourceTree = "<group>"; };
		A4ECDC0C2B79569900E4BF4A /* WeatherViewModelTests.swift */ = {isa = PBXFileReference; lastKnownFileType = sourcecode.swift; path = WeatherViewModelTests.swift; sourceTree = "<group>"; };
		A4ECDC0F2B79577800E4BF4A /* PathMonitorMock.swift */ = {isa = PBXFileReference; lastKnownFileType = sourcecode.swift; path = PathMonitorMock.swift; sourceTree = "<group>"; };
		A4ECDC112B7957CA00E4BF4A /* OpenWeatherAPIMock.swift */ = {isa = PBXFileReference; lastKnownFileType = sourcecode.swift; path = OpenWeatherAPIMock.swift; sourceTree = "<group>"; };
		A4ECDC132B79616100E4BF4A /* ForecastRepositoryMock.swift */ = {isa = PBXFileReference; lastKnownFileType = sourcecode.swift; path = ForecastRepositoryMock.swift; sourceTree = "<group>"; };
		A4ECDC152B79616B00E4BF4A /* WeatherRepositoryMock.swift */ = {isa = PBXFileReference; lastKnownFileType = sourcecode.swift; path = WeatherRepositoryMock.swift; sourceTree = "<group>"; };
		A4ECDC172B7963AC00E4BF4A /* StorageMock.swift */ = {isa = PBXFileReference; lastKnownFileType = sourcecode.swift; path = StorageMock.swift; sourceTree = "<group>"; };
/* End PBXFileReference section */

/* Begin PBXFrameworksBuildPhase section */
		A4E0BCFA2B484CC9002224ED /* Frameworks */ = {
			isa = PBXFrameworksBuildPhase;
			buildActionMask = 2147483647;
			files = (
			);
			runOnlyForDeploymentPostprocessing = 0;
		};
		A4E0BD0C2B484CCD002224ED /* Frameworks */ = {
			isa = PBXFrameworksBuildPhase;
			buildActionMask = 2147483647;
			files = (
			);
			runOnlyForDeploymentPostprocessing = 0;
		};
		A4E0BD162B484CCD002224ED /* Frameworks */ = {
			isa = PBXFrameworksBuildPhase;
			buildActionMask = 2147483647;
			files = (
			);
			runOnlyForDeploymentPostprocessing = 0;
		};
/* End PBXFrameworksBuildPhase section */

/* Begin PBXGroup section */
		A44300B02B715C4D0097A4AA /* Storage */ = {
			isa = PBXGroup;
			children = (
				A44300AE2B715C480097A4AA /* StorageType.swift */,
				A44300B12B715D0A0097A4AA /* SwiftDataStorage.swift */,
			);
			path = Storage;
			sourceTree = "<group>";
		};
		A44300B32B717ABF0097A4AA /* MainView */ = {
			isa = PBXGroup;
			children = (
				A4C469CB2B56B7AB00C12D98 /* MainView.swift */,
				A4ECDBF42B79008400E4BF4A /* MainViewTileView.swift */,
				A44300B42B717AD20097A4AA /* MainViewTile.swift */,
				A44300B62B7223CF0097A4AA /* MainViewButtons.swift */,
			);
			path = MainView;
			sourceTree = "<group>";
		};
		A44300B82B7244F70097A4AA /* WeatherView */ = {
			isa = PBXGroup;
			children = (
				A4E0BD022B484CC9002224ED /* WeatherView.swift */,
				A44300C22B7289BA0097A4AA /* WeatherMainView.swift */,
				A44300EB2B77CC600097A4AA /* DetailWeatherView.swift */,
				A44300E92B77CBF90097A4AA /* HourForecastView.swift */,
				A44300E72B77CBCB0097A4AA /* DailyForecastView.swift */,
			);
			path = WeatherView;
			sourceTree = "<group>";
		};
		A44300BD2B724FFA0097A4AA /* Extensions */ = {
			isa = PBXGroup;
			children = (
				A44300BB2B724FF40097A4AA /* UINavigationController.swift */,
				A44300BE2B7251840097A4AA /* Bundle.swift */,
				A44300DC2B74FE990097A4AA /* Float.swift */,
				A44300DE2B75668E0097A4AA /* Date.swift */,
				A44300EF2B77F1180097A4AA /* View.swift */,
				A44300ED2B77D1330097A4AA /* WeatherGradientMaker.swift */,
			);
			path = Extensions;
			sourceTree = "<group>";
		};
		A44300CD2B72A8F60097A4AA /* PathMonitor */ = {
			isa = PBXGroup;
			children = (
				A44300CA2B72A8AF0097A4AA /* PathMonitor.swift */,
			);
			path = PathMonitor;
			sourceTree = "<group>";
		};
		A44300D42B72AF210097A4AA /* Networking */ = {
			isa = PBXGroup;
			children = (
				A44300D82B72B66A0097A4AA /* OpenWeatherAPIType.swift */,
				A44300DA2B72B7410097A4AA /* OpenWeatherAPI.swift */,
				A44300D62B72B5E60097A4AA /* URLSessionHandlerType.swift */,
				A44300D22B72AF0B0097A4AA /* URLSessionHandler.swift */,
			);
			path = Networking;
			sourceTree = "<group>";
		};
		A44300D52B72B0870097A4AA /* WeatherAppError */ = {
			isa = PBXGroup;
			children = (
				A44300D02B72AD9A0097A4AA /* WeatherAppEror.swift */,
			);
			path = WeatherAppError;
			sourceTree = "<group>";
		};
		A44300E62B77C64C0097A4AA /* Repository */ = {
			isa = PBXGroup;
			children = (
				A44300C42B7297700097A4AA /* ForecastRepositoryType.swift */,
				A44300C82B729CE50097A4AA /* ForecastRepository.swift */,
				A44300C62B7298080097A4AA /* WeatherRepositoryType.swift */,
				A44300CE2B72AA050097A4AA /* WeatherRepository.swift */,
			);
			path = Repository;
			sourceTree = "<group>";
		};
		A4592DFC2B4EE60400016D13 /* Views */ = {
			isa = PBXGroup;
			children = (
				A44300B32B717ABF0097A4AA /* MainView */,
				A4A956742B5A98E900121014 /* MainViewViewModel.swift */,
				A44300B82B7244F70097A4AA /* WeatherView */,
				A4592E052B5060F000016D13 /* WeatherViewModel.swift */,
			);
			path = Views;
			sourceTree = "<group>";
		};
		A4592E042B5060D600016D13 /* Model */ = {
			isa = PBXGroup;
			children = (
				A44300E02B77C0FD0097A4AA /* Weather.swift */,
				A4592E022B5054F600016D13 /* WeatherModel.swift */,
				A44300E42B77C1320097A4AA /* HourForecastModel.swift */,
				A44300E22B77C11E0097A4AA /* DayForecastModel.swift */,
				A4592E002B5054C300016D13 /* ForecastResponse.swift */,
				A4A956762B5AC57600121014 /* CurrentResponse.swift */,
			);
			path = Model;
			sourceTree = "<group>";
		};
		A4E0BCF42B484CC9002224ED = {
			isa = PBXGroup;
			children = (
				A4E0BCFF2B484CC9002224ED /* WeatherAppProMax */,
				A4E0BD122B484CCD002224ED /* WeatherAppProMaxTests */,
				A4E0BD1C2B484CCD002224ED /* WeatherAppProMaxUITests */,
				A4E0BCFE2B484CC9002224ED /* Products */,
			);
			sourceTree = "<group>";
		};
		A4E0BCFE2B484CC9002224ED /* Products */ = {
			isa = PBXGroup;
			children = (
				A4E0BCFD2B484CC9002224ED /* WeatherAppProMax.app */,
				A4E0BD0F2B484CCD002224ED /* WeatherAppProMaxTests.xctest */,
				A4E0BD192B484CCD002224ED /* WeatherAppProMaxUITests.xctest */,
			);
			name = Products;
			sourceTree = "<group>";
		};
		A4E0BCFF2B484CC9002224ED /* WeatherAppProMax */ = {
			isa = PBXGroup;
			children = (
				A4E0BD002B484CC9002224ED /* WeatherAppProMaxApp.swift */,
				A44300D52B72B0870097A4AA /* WeatherAppError */,
				A44300BD2B724FFA0097A4AA /* Extensions */,
				A44300B02B715C4D0097A4AA /* Storage */,
				A4592E042B5060D600016D13 /* Model */,
				A44300E62B77C64C0097A4AA /* Repository */,
				A44300CD2B72A8F60097A4AA /* PathMonitor */,
				A44300B92B7249E10097A4AA /* Info.plist */,
				A44300D42B72AF210097A4AA /* Networking */,
				A4592DFC2B4EE60400016D13 /* Views */,
				A4E0BD062B484CCC002224ED /* Assets.xcassets */,
				A4E0BD082B484CCC002224ED /* Preview Content */,
			);
			path = WeatherAppProMax;
			sourceTree = "<group>";
		};
		A4E0BD082B484CCC002224ED /* Preview Content */ = {
			isa = PBXGroup;
			children = (
				A4E0BD092B484CCC002224ED /* Preview Assets.xcassets */,
			);
			path = "Preview Content";
			sourceTree = "<group>";
		};
		A4E0BD122B484CCD002224ED /* WeatherAppProMaxTests */ = {
			isa = PBXGroup;
			children = (
				A4E0BD132B484CCD002224ED /* WeatherAppProMaxTests.swift */,
				A4ECDC0E2B79576B00E4BF4A /* Mock */,
				A4ECDBF62B792A7F00E4BF4A /* SwiftDataStorageTests.swift */,
				A4ECDBFC2B793CE600E4BF4A /* ForecastTestData.json */,
				A4ECDBFE2B793D4300E4BF4A /* ForecastDecodingTest.swift */,
				A4ECDBF82B793C0900E4BF4A /* CurrentWeatherTestData.json */,
				A4ECDC002B79407400E4BF4A /* CurrentWeatherDecodingTest.swift */,
				A4ECDC022B79440C00E4BF4A /* OpenWeatherAPITests.swift */,
				A4ECDC062B79567400E4BF4A /* ForecastRepositoryTests.swift */,
				A4ECDC082B79567E00E4BF4A /* WeatherRepositoryTests.swift */,
				A4ECDC0A2B79569000E4BF4A /* MainViewViewModelTests.swift */,
				A4ECDC0C2B79569900E4BF4A /* WeatherViewModelTests.swift */,
			);
			path = WeatherAppProMaxTests;
			sourceTree = "<group>";
		};
		A4E0BD1C2B484CCD002224ED /* WeatherAppProMaxUITests */ = {
			isa = PBXGroup;
			children = (
				A4E0BD1D2B484CCD002224ED /* WeatherAppProMaxUITests.swift */,
				A4E0BD1F2B484CCD002224ED /* WeatherAppProMaxUITestsLaunchTests.swift */,
			);
			path = WeatherAppProMaxUITests;
			sourceTree = "<group>";
		};
		A4ECDC0E2B79576B00E4BF4A /* Mock */ = {
			isa = PBXGroup;
			children = (
				A4ECDC042B794B0E00E4BF4A /* URLSessionHandlerMock.swift */,
				A4ECDC0F2B79577800E4BF4A /* PathMonitorMock.swift */,
				A4ECDC112B7957CA00E4BF4A /* OpenWeatherAPIMock.swift */,
				A4ECDC172B7963AC00E4BF4A /* StorageMock.swift */,
				A4ECDC132B79616100E4BF4A /* ForecastRepositoryMock.swift */,
				A4ECDC152B79616B00E4BF4A /* WeatherRepositoryMock.swift */,
			);
			path = Mock;
			sourceTree = "<group>";
		};
/* End PBXGroup section */

/* Begin PBXNativeTarget section */
		A4E0BCFC2B484CC9002224ED /* WeatherAppProMax */ = {
			isa = PBXNativeTarget;
			buildConfigurationList = A4E0BD232B484CCD002224ED /* Build configuration list for PBXNativeTarget "WeatherAppProMax" */;
			buildPhases = (
				A4E0BCF92B484CC9002224ED /* Sources */,
				A4E0BCFA2B484CC9002224ED /* Frameworks */,
				A4E0BCFB2B484CC9002224ED /* Resources */,
			);
			buildRules = (
			);
			dependencies = (
			);
			name = WeatherAppProMax;
			productName = WeatherAppProMax;
			productReference = A4E0BCFD2B484CC9002224ED /* WeatherAppProMax.app */;
			productType = "com.apple.product-type.application";
		};
		A4E0BD0E2B484CCD002224ED /* WeatherAppProMaxTests */ = {
			isa = PBXNativeTarget;
			buildConfigurationList = A4E0BD262B484CCD002224ED /* Build configuration list for PBXNativeTarget "WeatherAppProMaxTests" */;
			buildPhases = (
				A4E0BD0B2B484CCD002224ED /* Sources */,
				A4E0BD0C2B484CCD002224ED /* Frameworks */,
				A4E0BD0D2B484CCD002224ED /* Resources */,
			);
			buildRules = (
			);
			dependencies = (
				A4E0BD112B484CCD002224ED /* PBXTargetDependency */,
			);
			name = WeatherAppProMaxTests;
			productName = WeatherAppProMaxTests;
			productReference = A4E0BD0F2B484CCD002224ED /* WeatherAppProMaxTests.xctest */;
			productType = "com.apple.product-type.bundle.unit-test";
		};
		A4E0BD182B484CCD002224ED /* WeatherAppProMaxUITests */ = {
			isa = PBXNativeTarget;
			buildConfigurationList = A4E0BD292B484CCD002224ED /* Build configuration list for PBXNativeTarget "WeatherAppProMaxUITests" */;
			buildPhases = (
				A4E0BD152B484CCD002224ED /* Sources */,
				A4E0BD162B484CCD002224ED /* Frameworks */,
				A4E0BD172B484CCD002224ED /* Resources */,
			);
			buildRules = (
			);
			dependencies = (
				A4E0BD1B2B484CCD002224ED /* PBXTargetDependency */,
			);
			name = WeatherAppProMaxUITests;
			productName = WeatherAppProMaxUITests;
			productReference = A4E0BD192B484CCD002224ED /* WeatherAppProMaxUITests.xctest */;
			productType = "com.apple.product-type.bundle.ui-testing";
		};
/* End PBXNativeTarget section */

/* Begin PBXProject section */
		A4E0BCF52B484CC9002224ED /* Project object */ = {
			isa = PBXProject;
			attributes = {
				BuildIndependentTargetsInParallel = 1;
				LastSwiftUpdateCheck = 1510;
				LastUpgradeCheck = 1510;
				TargetAttributes = {
					A4E0BCFC2B484CC9002224ED = {
						CreatedOnToolsVersion = 15.1;
					};
					A4E0BD0E2B484CCD002224ED = {
						CreatedOnToolsVersion = 15.1;
						TestTargetID = A4E0BCFC2B484CC9002224ED;
					};
					A4E0BD182B484CCD002224ED = {
						CreatedOnToolsVersion = 15.1;
						TestTargetID = A4E0BCFC2B484CC9002224ED;
					};
				};
			};
			buildConfigurationList = A4E0BCF82B484CC9002224ED /* Build configuration list for PBXProject "WeatherAppProMax" */;
			compatibilityVersion = "Xcode 14.0";
			developmentRegion = en;
			hasScannedForEncodings = 0;
			knownRegions = (
				en,
				Base,
			);
			mainGroup = A4E0BCF42B484CC9002224ED;
			productRefGroup = A4E0BCFE2B484CC9002224ED /* Products */;
			projectDirPath = "";
			projectRoot = "";
			targets = (
				A4E0BCFC2B484CC9002224ED /* WeatherAppProMax */,
				A4E0BD0E2B484CCD002224ED /* WeatherAppProMaxTests */,
				A4E0BD182B484CCD002224ED /* WeatherAppProMaxUITests */,
			);
		};
/* End PBXProject section */

/* Begin PBXResourcesBuildPhase section */
		A4E0BCFB2B484CC9002224ED /* Resources */ = {
			isa = PBXResourcesBuildPhase;
			buildActionMask = 2147483647;
			files = (
				A4E0BD0A2B484CCC002224ED /* Preview Assets.xcassets in Resources */,
				A4E0BD072B484CCC002224ED /* Assets.xcassets in Resources */,
			);
			runOnlyForDeploymentPostprocessing = 0;
		};
		A4E0BD0D2B484CCD002224ED /* Resources */ = {
			isa = PBXResourcesBuildPhase;
			buildActionMask = 2147483647;
			files = (
				A4ECDBF92B793C0900E4BF4A /* CurrentWeatherTestData.json in Resources */,
				A4ECDBFD2B793CE600E4BF4A /* ForecastTestData.json in Resources */,
			);
			runOnlyForDeploymentPostprocessing = 0;
		};
		A4E0BD172B484CCD002224ED /* Resources */ = {
			isa = PBXResourcesBuildPhase;
			buildActionMask = 2147483647;
			files = (
			);
			runOnlyForDeploymentPostprocessing = 0;
		};
/* End PBXResourcesBuildPhase section */

/* Begin PBXSourcesBuildPhase section */
		A4E0BCF92B484CC9002224ED /* Sources */ = {
			isa = PBXSourcesBuildPhase;
			buildActionMask = 2147483647;
			files = (
				A44300E82B77CBCB0097A4AA /* DailyForecastView.swift in Sources */,
				A4E0BD032B484CC9002224ED /* WeatherView.swift in Sources */,
				A44300D92B72B66A0097A4AA /* OpenWeatherAPIType.swift in Sources */,
				A44300E32B77C11E0097A4AA /* DayForecastModel.swift in Sources */,
				A44300BF2B7251840097A4AA /* Bundle.swift in Sources */,
				A44300C92B729CE50097A4AA /* ForecastRepository.swift in Sources */,
				A44300E12B77C0FD0097A4AA /* Weather.swift in Sources */,
				A44300B22B715D0A0097A4AA /* SwiftDataStorage.swift in Sources */,
				A44300DF2B75668E0097A4AA /* Date.swift in Sources */,
				A44300F02B77F1180097A4AA /* View.swift in Sources */,
				A44300C52B7297700097A4AA /* ForecastRepositoryType.swift in Sources */,
				A44300C32B7289BA0097A4AA /* WeatherMainView.swift in Sources */,
				A44300CB2B72A8AF0097A4AA /* PathMonitor.swift in Sources */,
				A4592E012B5054C300016D13 /* ForecastResponse.swift in Sources */,
				A4A956772B5AC57600121014 /* CurrentResponse.swift in Sources */,
				A44300D72B72B5E60097A4AA /* URLSessionHandlerType.swift in Sources */,
				A44300DB2B72B7410097A4AA /* OpenWeatherAPI.swift in Sources */,
				A4C469CC2B56B7AB00C12D98 /* MainView.swift in Sources */,
				A4592E062B5060F000016D13 /* WeatherViewModel.swift in Sources */,
				A44300D12B72AD9A0097A4AA /* WeatherAppEror.swift in Sources */,
				A44300EC2B77CC600097A4AA /* DetailWeatherView.swift in Sources */,
				A44300AF2B715C480097A4AA /* StorageType.swift in Sources */,
				A44300B72B7223CF0097A4AA /* MainViewButtons.swift in Sources */,
				A44300B52B717AD20097A4AA /* MainViewTile.swift in Sources */,
				A44300EE2B77D1330097A4AA /* WeatherGradientMaker.swift in Sources */,
				A44300DD2B74FE990097A4AA /* Float.swift in Sources */,
				A4E0BD012B484CC9002224ED /* WeatherAppProMaxApp.swift in Sources */,
				A44300BC2B724FF40097A4AA /* UINavigationController.swift in Sources */,
				A44300E52B77C1320097A4AA /* HourForecastModel.swift in Sources */,
				A4592E032B5054F600016D13 /* WeatherModel.swift in Sources */,
				A44300C72B7298080097A4AA /* WeatherRepositoryType.swift in Sources */,
				A4A956752B5A98E900121014 /* MainViewViewModel.swift in Sources */,
				A44300CF2B72AA050097A4AA /* WeatherRepository.swift in Sources */,
				A4ECDBF52B79008400E4BF4A /* MainViewTileView.swift in Sources */,
				A44300D32B72AF0B0097A4AA /* URLSessionHandler.swift in Sources */,
				A44300EA2B77CBF90097A4AA /* HourForecastView.swift in Sources */,
			);
			runOnlyForDeploymentPostprocessing = 0;
		};
		A4E0BD0B2B484CCD002224ED /* Sources */ = {
			isa = PBXSourcesBuildPhase;
			buildActionMask = 2147483647;
			files = (
				A4E0BD142B484CCD002224ED /* WeatherAppProMaxTests.swift in Sources */,
				A4ECDC052B794B0F00E4BF4A /* URLSessionHandlerMock.swift in Sources */,
				A4ECDC182B7963AC00E4BF4A /* StorageMock.swift in Sources */,
				A4ECDC142B79616100E4BF4A /* ForecastRepositoryMock.swift in Sources */,
				A4ECDC092B79567E00E4BF4A /* WeatherRepositoryTests.swift in Sources */,
				A4ECDBFF2B793D4300E4BF4A /* ForecastDecodingTest.swift in Sources */,
				A4ECDC0B2B79569000E4BF4A /* MainViewViewModelTests.swift in Sources */,
				A4ECDC122B7957CA00E4BF4A /* OpenWeatherAPIMock.swift in Sources */,
				A4ECDC102B79577800E4BF4A /* PathMonitorMock.swift in Sources */,
				A4ECDC162B79616B00E4BF4A /* WeatherRepositoryMock.swift in Sources */,
				A4ECDC012B79407400E4BF4A /* CurrentWeatherDecodingTest.swift in Sources */,
				A4ECDC072B79567400E4BF4A /* ForecastRepositoryTests.swift in Sources */,
				A4ECDBF72B792A7F00E4BF4A /* SwiftDataStorageTests.swift in Sources */,
				A4ECDC032B79440C00E4BF4A /* OpenWeatherAPITests.swift in Sources */,
				A4ECDC0D2B79569900E4BF4A /* WeatherViewModelTests.swift in Sources */,
			);
			runOnlyForDeploymentPostprocessing = 0;
		};
		A4E0BD152B484CCD002224ED /* Sources */ = {
			isa = PBXSourcesBuildPhase;
			buildActionMask = 2147483647;
			files = (
				A4E0BD202B484CCD002224ED /* WeatherAppProMaxUITestsLaunchTests.swift in Sources */,
				A4E0BD1E2B484CCD002224ED /* WeatherAppProMaxUITests.swift in Sources */,
			);
			runOnlyForDeploymentPostprocessing = 0;
		};
/* End PBXSourcesBuildPhase section */

/* Begin PBXTargetDependency section */
		A4E0BD112B484CCD002224ED /* PBXTargetDependency */ = {
			isa = PBXTargetDependency;
			target = A4E0BCFC2B484CC9002224ED /* WeatherAppProMax */;
			targetProxy = A4E0BD102B484CCD002224ED /* PBXContainerItemProxy */;
		};
		A4E0BD1B2B484CCD002224ED /* PBXTargetDependency */ = {
			isa = PBXTargetDependency;
			target = A4E0BCFC2B484CC9002224ED /* WeatherAppProMax */;
			targetProxy = A4E0BD1A2B484CCD002224ED /* PBXContainerItemProxy */;
		};
/* End PBXTargetDependency section */

/* Begin XCBuildConfiguration section */
		A4E0BD212B484CCD002224ED /* Debug */ = {
			isa = XCBuildConfiguration;
			buildSettings = {
				ALWAYS_SEARCH_USER_PATHS = NO;
				ASSETCATALOG_COMPILER_GENERATE_SWIFT_ASSET_SYMBOL_EXTENSIONS = YES;
				CLANG_ANALYZER_NONNULL = YES;
				CLANG_ANALYZER_NUMBER_OBJECT_CONVERSION = YES_AGGRESSIVE;
				CLANG_CXX_LANGUAGE_STANDARD = "gnu++20";
				CLANG_ENABLE_MODULES = YES;
				CLANG_ENABLE_OBJC_ARC = YES;
				CLANG_ENABLE_OBJC_WEAK = YES;
				CLANG_WARN_BLOCK_CAPTURE_AUTORELEASING = YES;
				CLANG_WARN_BOOL_CONVERSION = YES;
				CLANG_WARN_COMMA = YES;
				CLANG_WARN_CONSTANT_CONVERSION = YES;
				CLANG_WARN_DEPRECATED_OBJC_IMPLEMENTATIONS = YES;
				CLANG_WARN_DIRECT_OBJC_ISA_USAGE = YES_ERROR;
				CLANG_WARN_DOCUMENTATION_COMMENTS = YES;
				CLANG_WARN_EMPTY_BODY = YES;
				CLANG_WARN_ENUM_CONVERSION = YES;
				CLANG_WARN_INFINITE_RECURSION = YES;
				CLANG_WARN_INT_CONVERSION = YES;
				CLANG_WARN_NON_LITERAL_NULL_CONVERSION = YES;
				CLANG_WARN_OBJC_IMPLICIT_RETAIN_SELF = YES;
				CLANG_WARN_OBJC_LITERAL_CONVERSION = YES;
				CLANG_WARN_OBJC_ROOT_CLASS = YES_ERROR;
				CLANG_WARN_QUOTED_INCLUDE_IN_FRAMEWORK_HEADER = YES;
				CLANG_WARN_RANGE_LOOP_ANALYSIS = YES;
				CLANG_WARN_STRICT_PROTOTYPES = YES;
				CLANG_WARN_SUSPICIOUS_MOVE = YES;
				CLANG_WARN_UNGUARDED_AVAILABILITY = YES_AGGRESSIVE;
				CLANG_WARN_UNREACHABLE_CODE = YES;
				CLANG_WARN__DUPLICATE_METHOD_MATCH = YES;
				COPY_PHASE_STRIP = NO;
				DEBUG_INFORMATION_FORMAT = dwarf;
				ENABLE_STRICT_OBJC_MSGSEND = YES;
				ENABLE_TESTABILITY = YES;
				ENABLE_USER_SCRIPT_SANDBOXING = YES;
				GCC_C_LANGUAGE_STANDARD = gnu17;
				GCC_DYNAMIC_NO_PIC = NO;
				GCC_NO_COMMON_BLOCKS = YES;
				GCC_OPTIMIZATION_LEVEL = 0;
				GCC_PREPROCESSOR_DEFINITIONS = (
					"DEBUG=1",
					"$(inherited)",
				);
				GCC_WARN_64_TO_32_BIT_CONVERSION = YES;
				GCC_WARN_ABOUT_RETURN_TYPE = YES_ERROR;
				GCC_WARN_UNDECLARED_SELECTOR = YES;
				GCC_WARN_UNINITIALIZED_AUTOS = YES_AGGRESSIVE;
				GCC_WARN_UNUSED_FUNCTION = YES;
				GCC_WARN_UNUSED_VARIABLE = YES;
				IPHONEOS_DEPLOYMENT_TARGET = 17.2;
				LOCALIZATION_PREFERS_STRING_CATALOGS = YES;
				MTL_ENABLE_DEBUG_INFO = INCLUDE_SOURCE;
				MTL_FAST_MATH = YES;
				ONLY_ACTIVE_ARCH = YES;
				SDKROOT = iphoneos;
				SWIFT_ACTIVE_COMPILATION_CONDITIONS = "DEBUG $(inherited)";
				SWIFT_OPTIMIZATION_LEVEL = "-Onone";
			};
			name = Debug;
		};
		A4E0BD222B484CCD002224ED /* Release */ = {
			isa = XCBuildConfiguration;
			buildSettings = {
				ALWAYS_SEARCH_USER_PATHS = NO;
				ASSETCATALOG_COMPILER_GENERATE_SWIFT_ASSET_SYMBOL_EXTENSIONS = YES;
				CLANG_ANALYZER_NONNULL = YES;
				CLANG_ANALYZER_NUMBER_OBJECT_CONVERSION = YES_AGGRESSIVE;
				CLANG_CXX_LANGUAGE_STANDARD = "gnu++20";
				CLANG_ENABLE_MODULES = YES;
				CLANG_ENABLE_OBJC_ARC = YES;
				CLANG_ENABLE_OBJC_WEAK = YES;
				CLANG_WARN_BLOCK_CAPTURE_AUTORELEASING = YES;
				CLANG_WARN_BOOL_CONVERSION = YES;
				CLANG_WARN_COMMA = YES;
				CLANG_WARN_CONSTANT_CONVERSION = YES;
				CLANG_WARN_DEPRECATED_OBJC_IMPLEMENTATIONS = YES;
				CLANG_WARN_DIRECT_OBJC_ISA_USAGE = YES_ERROR;
				CLANG_WARN_DOCUMENTATION_COMMENTS = YES;
				CLANG_WARN_EMPTY_BODY = YES;
				CLANG_WARN_ENUM_CONVERSION = YES;
				CLANG_WARN_INFINITE_RECURSION = YES;
				CLANG_WARN_INT_CONVERSION = YES;
				CLANG_WARN_NON_LITERAL_NULL_CONVERSION = YES;
				CLANG_WARN_OBJC_IMPLICIT_RETAIN_SELF = YES;
				CLANG_WARN_OBJC_LITERAL_CONVERSION = YES;
				CLANG_WARN_OBJC_ROOT_CLASS = YES_ERROR;
				CLANG_WARN_QUOTED_INCLUDE_IN_FRAMEWORK_HEADER = YES;
				CLANG_WARN_RANGE_LOOP_ANALYSIS = YES;
				CLANG_WARN_STRICT_PROTOTYPES = YES;
				CLANG_WARN_SUSPICIOUS_MOVE = YES;
				CLANG_WARN_UNGUARDED_AVAILABILITY = YES_AGGRESSIVE;
				CLANG_WARN_UNREACHABLE_CODE = YES;
				CLANG_WARN__DUPLICATE_METHOD_MATCH = YES;
				COPY_PHASE_STRIP = NO;
				DEBUG_INFORMATION_FORMAT = "dwarf-with-dsym";
				ENABLE_NS_ASSERTIONS = NO;
				ENABLE_STRICT_OBJC_MSGSEND = YES;
				ENABLE_USER_SCRIPT_SANDBOXING = YES;
				GCC_C_LANGUAGE_STANDARD = gnu17;
				GCC_NO_COMMON_BLOCKS = YES;
				GCC_WARN_64_TO_32_BIT_CONVERSION = YES;
				GCC_WARN_ABOUT_RETURN_TYPE = YES_ERROR;
				GCC_WARN_UNDECLARED_SELECTOR = YES;
				GCC_WARN_UNINITIALIZED_AUTOS = YES_AGGRESSIVE;
				GCC_WARN_UNUSED_FUNCTION = YES;
				GCC_WARN_UNUSED_VARIABLE = YES;
				IPHONEOS_DEPLOYMENT_TARGET = 17.2;
				LOCALIZATION_PREFERS_STRING_CATALOGS = YES;
				MTL_ENABLE_DEBUG_INFO = NO;
				MTL_FAST_MATH = YES;
				SDKROOT = iphoneos;
				SWIFT_COMPILATION_MODE = wholemodule;
				VALIDATE_PRODUCT = YES;
			};
			name = Release;
		};
		A4E0BD242B484CCD002224ED /* Debug */ = {
			isa = XCBuildConfiguration;
			buildSettings = {
				ASSETCATALOG_COMPILER_APPICON_NAME = AppIcon;
				ASSETCATALOG_COMPILER_GLOBAL_ACCENT_COLOR_NAME = AccentColor;
				CODE_SIGN_STYLE = Automatic;
				CURRENT_PROJECT_VERSION = 1;
				DEVELOPMENT_ASSET_PATHS = "\"WeatherAppProMax/Preview Content\"";
				DEVELOPMENT_TEAM = CM9HQPL8H2;
				ENABLE_PREVIEWS = YES;
				GENERATE_INFOPLIST_FILE = YES;
				INFOPLIST_FILE = WeatherAppProMax/Info.plist;
				INFOPLIST_KEY_UIApplicationSceneManifest_Generation = YES;
				INFOPLIST_KEY_UIApplicationSupportsIndirectInputEvents = YES;
				INFOPLIST_KEY_UILaunchScreen_Generation = YES;
				INFOPLIST_KEY_UISupportedInterfaceOrientations = UIInterfaceOrientationPortrait;
				INFOPLIST_KEY_UISupportedInterfaceOrientations_iPad = "UIInterfaceOrientationLandscapeLeft UIInterfaceOrientationLandscapeRight UIInterfaceOrientationPortrait UIInterfaceOrientationPortraitUpsideDown";
				LD_RUNPATH_SEARCH_PATHS = (
					"$(inherited)",
					"@executable_path/Frameworks",
				);
				MARKETING_VERSION = 1.0;
				PRODUCT_BUNDLE_IDENTIFIER = com.flashyhuckle.WeatherAppProMax;
				PRODUCT_NAME = "$(TARGET_NAME)";
				SWIFT_EMIT_LOC_STRINGS = YES;
				SWIFT_VERSION = 5.0;
				TARGETED_DEVICE_FAMILY = "1,2";
			};
			name = Debug;
		};
		A4E0BD252B484CCD002224ED /* Release */ = {
			isa = XCBuildConfiguration;
			buildSettings = {
				ASSETCATALOG_COMPILER_APPICON_NAME = AppIcon;
				ASSETCATALOG_COMPILER_GLOBAL_ACCENT_COLOR_NAME = AccentColor;
				CODE_SIGN_STYLE = Automatic;
				CURRENT_PROJECT_VERSION = 1;
				DEVELOPMENT_ASSET_PATHS = "\"WeatherAppProMax/Preview Content\"";
				DEVELOPMENT_TEAM = CM9HQPL8H2;
				ENABLE_PREVIEWS = YES;
				GENERATE_INFOPLIST_FILE = YES;
				INFOPLIST_FILE = WeatherAppProMax/Info.plist;
				INFOPLIST_KEY_UIApplicationSceneManifest_Generation = YES;
				INFOPLIST_KEY_UIApplicationSupportsIndirectInputEvents = YES;
				INFOPLIST_KEY_UILaunchScreen_Generation = YES;
				INFOPLIST_KEY_UISupportedInterfaceOrientations = UIInterfaceOrientationPortrait;
				INFOPLIST_KEY_UISupportedInterfaceOrientations_iPad = "UIInterfaceOrientationLandscapeLeft UIInterfaceOrientationLandscapeRight UIInterfaceOrientationPortrait UIInterfaceOrientationPortraitUpsideDown";
				LD_RUNPATH_SEARCH_PATHS = (
					"$(inherited)",
					"@executable_path/Frameworks",
				);
				MARKETING_VERSION = 1.0;
				PRODUCT_BUNDLE_IDENTIFIER = com.flashyhuckle.WeatherAppProMax;
				PRODUCT_NAME = "$(TARGET_NAME)";
				SWIFT_EMIT_LOC_STRINGS = YES;
				SWIFT_VERSION = 5.0;
				TARGETED_DEVICE_FAMILY = "1,2";
			};
			name = Release;
		};
		A4E0BD272B484CCD002224ED /* Debug */ = {
			isa = XCBuildConfiguration;
			buildSettings = {
				ALWAYS_EMBED_SWIFT_STANDARD_LIBRARIES = YES;
				BUNDLE_LOADER = "$(TEST_HOST)";
				CODE_SIGN_STYLE = Automatic;
				CURRENT_PROJECT_VERSION = 1;
				GENERATE_INFOPLIST_FILE = YES;
				IPHONEOS_DEPLOYMENT_TARGET = 17.2;
				MARKETING_VERSION = 1.0;
				PRODUCT_BUNDLE_IDENTIFIER = com.flashyhuckle.WeatherAppProMaxTests;
				PRODUCT_NAME = "$(TARGET_NAME)";
				SWIFT_EMIT_LOC_STRINGS = NO;
				SWIFT_VERSION = 5.0;
				TARGETED_DEVICE_FAMILY = "1,2";
				TEST_HOST = "$(BUILT_PRODUCTS_DIR)/WeatherAppProMax.app/$(BUNDLE_EXECUTABLE_FOLDER_PATH)/WeatherAppProMax";
			};
			name = Debug;
		};
		A4E0BD282B484CCD002224ED /* Release */ = {
			isa = XCBuildConfiguration;
			buildSettings = {
				ALWAYS_EMBED_SWIFT_STANDARD_LIBRARIES = YES;
				BUNDLE_LOADER = "$(TEST_HOST)";
				CODE_SIGN_STYLE = Automatic;
				CURRENT_PROJECT_VERSION = 1;
				GENERATE_INFOPLIST_FILE = YES;
				IPHONEOS_DEPLOYMENT_TARGET = 17.2;
				MARKETING_VERSION = 1.0;
				PRODUCT_BUNDLE_IDENTIFIER = com.flashyhuckle.WeatherAppProMaxTests;
				PRODUCT_NAME = "$(TARGET_NAME)";
				SWIFT_EMIT_LOC_STRINGS = NO;
				SWIFT_VERSION = 5.0;
				TARGETED_DEVICE_FAMILY = "1,2";
				TEST_HOST = "$(BUILT_PRODUCTS_DIR)/WeatherAppProMax.app/$(BUNDLE_EXECUTABLE_FOLDER_PATH)/WeatherAppProMax";
			};
			name = Release;
		};
		A4E0BD2A2B484CCD002224ED /* Debug */ = {
			isa = XCBuildConfiguration;
			buildSettings = {
				ALWAYS_EMBED_SWIFT_STANDARD_LIBRARIES = YES;
				CODE_SIGN_STYLE = Automatic;
				CURRENT_PROJECT_VERSION = 1;
				GENERATE_INFOPLIST_FILE = YES;
				MARKETING_VERSION = 1.0;
				PRODUCT_BUNDLE_IDENTIFIER = com.flashyhuckle.WeatherAppProMaxUITests;
				PRODUCT_NAME = "$(TARGET_NAME)";
				SWIFT_EMIT_LOC_STRINGS = NO;
				SWIFT_VERSION = 5.0;
				TARGETED_DEVICE_FAMILY = "1,2";
				TEST_TARGET_NAME = WeatherAppProMax;
			};
			name = Debug;
		};
		A4E0BD2B2B484CCD002224ED /* Release */ = {
			isa = XCBuildConfiguration;
			buildSettings = {
				ALWAYS_EMBED_SWIFT_STANDARD_LIBRARIES = YES;
				CODE_SIGN_STYLE = Automatic;
				CURRENT_PROJECT_VERSION = 1;
				GENERATE_INFOPLIST_FILE = YES;
				MARKETING_VERSION = 1.0;
				PRODUCT_BUNDLE_IDENTIFIER = com.flashyhuckle.WeatherAppProMaxUITests;
				PRODUCT_NAME = "$(TARGET_NAME)";
				SWIFT_EMIT_LOC_STRINGS = NO;
				SWIFT_VERSION = 5.0;
				TARGETED_DEVICE_FAMILY = "1,2";
				TEST_TARGET_NAME = WeatherAppProMax;
			};
			name = Release;
		};
/* End XCBuildConfiguration section */

/* Begin XCConfigurationList section */
		A4E0BCF82B484CC9002224ED /* Build configuration list for PBXProject "WeatherAppProMax" */ = {
			isa = XCConfigurationList;
			buildConfigurations = (
				A4E0BD212B484CCD002224ED /* Debug */,
				A4E0BD222B484CCD002224ED /* Release */,
			);
			defaultConfigurationIsVisible = 0;
			defaultConfigurationName = Release;
		};
		A4E0BD232B484CCD002224ED /* Build configuration list for PBXNativeTarget "WeatherAppProMax" */ = {
			isa = XCConfigurationList;
			buildConfigurations = (
				A4E0BD242B484CCD002224ED /* Debug */,
				A4E0BD252B484CCD002224ED /* Release */,
			);
			defaultConfigurationIsVisible = 0;
			defaultConfigurationName = Release;
		};
		A4E0BD262B484CCD002224ED /* Build configuration list for PBXNativeTarget "WeatherAppProMaxTests" */ = {
			isa = XCConfigurationList;
			buildConfigurations = (
				A4E0BD272B484CCD002224ED /* Debug */,
				A4E0BD282B484CCD002224ED /* Release */,
			);
			defaultConfigurationIsVisible = 0;
			defaultConfigurationName = Release;
		};
		A4E0BD292B484CCD002224ED /* Build configuration list for PBXNativeTarget "WeatherAppProMaxUITests" */ = {
			isa = XCConfigurationList;
			buildConfigurations = (
				A4E0BD2A2B484CCD002224ED /* Debug */,
				A4E0BD2B2B484CCD002224ED /* Release */,
			);
			defaultConfigurationIsVisible = 0;
			defaultConfigurationName = Release;
		};
/* End XCConfigurationList section */
	};
	rootObject = A4E0BCF52B484CC9002224ED /* Project object */;
}
